
Microsoft Visual Studio Solution File, Format Version 12.00
# Visual Studio Version 17
VisualStudioVersion = 17.4.33213.308
MinimumVisualStudioVersion = 10.0.40219.1
Project("{FAE04EC0-301F-11D3-BF4B-00C04F79EFBC}") = "ConsultancyApp.MVC", "ConsultancyApp.MVC\ConsultancyApp.MVC.csproj", "{539813AF-3A07-4F83-B95A-FF381088A2DE}"
EndProject
Project("{FAE04EC0-301F-11D3-BF4B-00C04F79EFBC}") = "ConsultancyApp.Data", "ConsultancyApp.Data\ConsultancyApp.Data.csproj", "{79D80795-4571-4741-A317-EA89773851DB}"
EndProject
Project("{FAE04EC0-301F-11D3-BF4B-00C04F79EFBC}") = "ConsultancyApp.Business", "ConsultancyApp.Business\ConsultancyApp.Business.csproj", "{ABFE783C-648C-4C2E-AF8B-BA90E0626C37}"
EndProject
Project("{FAE04EC0-301F-11D3-BF4B-00C04F79EFBC}") = "ConsultancyApp.Entity", "ConsultancyApp.Entity\ConsultancyApp.Entity.csproj", "{12737A16-7E35-4DA3-B3B9-FF31E16CDD1B}"
EndProject
Project("{FAE04EC0-301F-11D3-BF4B-00C04F79EFBC}") = "ConsultancyApp.Core", "ConsultancyApp.Core\ConsultancyApp.Core.csproj", "{58D51579-D326-43C5-922D-15224C1AC682}"
EndProject
Global
	GlobalSection(SolutionConfigurationPlatforms) = preSolution
		Debug|Any CPU = Debug|Any CPU
		Release|Any CPU = Release|Any CPU
	EndGlobalSection
	GlobalSection(ProjectConfigurationPlatforms) = postSolution
		{539813AF-3A07-4F83-B95A-FF381088A2DE}.Debug|Any CPU.ActiveCfg = Debug|Any CPU
		{539813AF-3A07-4F83-B95A-FF381088A2DE}.Debug|Any CPU.Build.0 = Debug|Any CPU
		{539813AF-3A07-4F83-B95A-FF381088A2DE}.Release|Any CPU.ActiveCfg = Release|Any CPU
		{539813AF-3A07-4F83-B95A-FF381088A2DE}.Release|Any CPU.Build.0 = Release|Any CPU
		{79D80795-4571-4741-A317-EA89773851DB}.Debug|Any CPU.ActiveCfg = Debug|Any CPU
		{79D80795-4571-4741-A317-EA89773851DB}.Debug|Any CPU.Build.0 = Debug|Any CPU
		{79D80795-4571-4741-A317-EA89773851DB}.Release|Any CPU.ActiveCfg = Release|Any CPU
		{79D80795-4571-4741-A317-EA89773851DB}.Release|Any CPU.Build.0 = Release|Any CPU
		{ABFE783C-648C-4C2E-AF8B-BA90E0626C37}.Debug|Any CPU.ActiveCfg = Debug|Any CPU
		{ABFE783C-648C-4C2E-AF8B-BA90E0626C37}.Debug|Any CPU.Build.0 = Debug|Any CPU
		{ABFE783C-648C-4C2E-AF8B-BA90E0626C37}.Release|Any CPU.ActiveCfg = Release|Any CPU
		{ABFE783C-648C-4C2E-AF8B-BA90E0626C37}.Release|Any CPU.Build.0 = Release|Any CPU
		{12737A16-7E35-4DA3-B3B9-FF31E16CDD1B}.Debug|Any CPU.ActiveCfg = Debug|Any CPU
		{12737A16-7E35-4DA3-B3B9-FF31E16CDD1B}.Debug|Any CPU.Build.0 = Debug|Any CPU
		{12737A16-7E35-4DA3-B3B9-FF31E16CDD1B}.Release|Any CPU.ActiveCfg = Release|Any CPU
		{12737A16-7E35-4DA3-B3B9-FF31E16CDD1B}.Release|Any CPU.Build.0 = Release|Any CPU
		{58D51579-D326-43C5-922D-15224C1AC682}.Debug|Any CPU.ActiveCfg = Debug|Any CPU
		{58D51579-D326-43C5-922D-15224C1AC682}.Debug|Any CPU.Build.0 = Debug|Any CPU
		{58D51579-D326-43C5-922D-15224C1AC682}.Release|Any CPU.ActiveCfg = Release|Any CPU
		{58D51579-D326-43C5-922D-15224C1AC682}.Release|Any CPU.Build.0 = Release|Any CPU
	EndGlobalSection
	GlobalSection(SolutionProperties) = preSolution
		HideSolutionNode = FALSE
	EndGlobalSection
	GlobalSection(ExtensibilityGlobals) = postSolution
		SolutionGuid = {3D99A22F-78A9-41EB-8078-5BA43CE8B2F8}
	EndGlobalSection
EndGlobal
